
Microsoft Visual Studio Solution File, Format Version 12.00
# Visual Studio Version 16
VisualStudioVersion = 16.0.30717.126
MinimumVisualStudioVersion = 10.0.40219.1
Project("{FAE04EC0-301F-11D3-BF4B-00C04F79EFBC}") = "heythere.Android", "heythere.Android\heythere.Android.csproj", "{2483D0E9-8854-4FC6-BC30-5BD0D67DC7E5}"
EndProject
Project("{FAE04EC0-301F-11D3-BF4B-00C04F79EFBC}") = "heythere", "heythere\heythere.csproj", "{84B522EE-7A5B-4022-8671-8EEECBF0D0DA}"
EndProject
Global
	GlobalSection(SolutionConfigurationPlatforms) = preSolution
		Debug|Any CPU = Debug|Any CPU
		Release|Any CPU = Release|Any CPU
	EndGlobalSection
	GlobalSection(ProjectConfigurationPlatforms) = postSolution
		{2483D0E9-8854-4FC6-BC30-5BD0D67DC7E5}.Debug|Any CPU.ActiveCfg = Debug|Any CPU
		{2483D0E9-8854-4FC6-BC30-5BD0D67DC7E5}.Debug|Any CPU.Build.0 = Debug|Any CPU
		{2483D0E9-8854-4FC6-BC30-5BD0D67DC7E5}.Debug|Any CPU.Deploy.0 = Debug|Any CPU
		{2483D0E9-8854-4FC6-BC30-5BD0D67DC7E5}.Release|Any CPU.ActiveCfg = Release|Any CPU
		{2483D0E9-8854-4FC6-BC30-5BD0D67DC7E5}.Release|Any CPU.Build.0 = Release|Any CPU
		{2483D0E9-8854-4FC6-BC30-5BD0D67DC7E5}.Release|Any CPU.Deploy.0 = Release|Any CPU
		{84B522EE-7A5B-4022-8671-8EEECBF0D0DA}.Debug|Any CPU.ActiveCfg = Debug|Any CPU
		{84B522EE-7A5B-4022-8671-8EEECBF0D0DA}.Debug|Any CPU.Build.0 = Debug|Any CPU
		{84B522EE-7A5B-4022-8671-8EEECBF0D0DA}.Debug|Any CPU.Deploy.0 = Debug|Any CPU
		{84B522EE-7A5B-4022-8671-8EEECBF0D0DA}.Release|Any CPU.ActiveCfg = Release|Any CPU
		{84B522EE-7A5B-4022-8671-8EEECBF0D0DA}.Release|Any CPU.Build.0 = Release|Any CPU
		{84B522EE-7A5B-4022-8671-8EEECBF0D0DA}.Release|Any CPU.Deploy.0 = Release|Any CPU
	EndGlobalSection
	GlobalSection(SolutionProperties) = preSolution
		HideSolutionNode = FALSE
	EndGlobalSection
	GlobalSection(ExtensibilityGlobals) = postSolution
		SolutionGuid = {AA81B421-5534-461B-9BEA-995A44058756}
	EndGlobalSection
EndGlobal
